// !$*UTF8*$!
{
	archiveVersion = 1;
	classes = {
	};
	objectVersion = 56;
	objects = {

/* Begin PBXBuildFile section */
		04D2A6B12BACABD200343111 /* DemoGarmentListApp.swift in Sources */ = {isa = PBXBuildFile; fileRef = 04D2A6B02BACABD200343111 /* DemoGarmentListApp.swift */; };
		04D2A6B32BACABD200343111 /* ContentView.swift in Sources */ = {isa = PBXBuildFile; fileRef = 04D2A6B22BACABD200343111 /* ContentView.swift */; };
		04D2A6B52BACABD400343111 /* Assets.xcassets in Resources */ = {isa = PBXBuildFile; fileRef = 04D2A6B42BACABD400343111 /* Assets.xcassets */; };
		04D2A6B82BACABD400343111 /* Preview Assets.xcassets in Resources */ = {isa = PBXBuildFile; fileRef = 04D2A6B72BACABD400343111 /* Preview Assets.xcassets */; };
		04D2A6C22BACABD400343111 /* GarmentListViewTests.swift in Sources */ = {isa = PBXBuildFile; fileRef = 04D2A6C12BACABD400343111 /* GarmentListViewTests.swift */; };
		04D2A6CC2BACABD400343111 /* DemoGarmentListUITests.swift in Sources */ = {isa = PBXBuildFile; fileRef = 04D2A6CB2BACABD400343111 /* DemoGarmentListUITests.swift */; };
		04D2A6CE2BACABD400343111 /* DemoGarmentListUITestsLaunchTests.swift in Sources */ = {isa = PBXBuildFile; fileRef = 04D2A6CD2BACABD400343111 /* DemoGarmentListUITestsLaunchTests.swift */; };
		04D2A6DE2BACAC4A00343111 /* GarmentListView.swift in Sources */ = {isa = PBXBuildFile; fileRef = 04D2A6DD2BACAC4A00343111 /* GarmentListView.swift */; };
		04D2A6E02BACAC5200343111 /* AddGarmentView.swift in Sources */ = {isa = PBXBuildFile; fileRef = 04D2A6DF2BACAC5200343111 /* AddGarmentView.swift */; };
		04D2A6E22BACAC7C00343111 /* GarmentViewModel.swift in Sources */ = {isa = PBXBuildFile; fileRef = 04D2A6E12BACAC7C00343111 /* GarmentViewModel.swift */; };
		04D2A6E42BACAC8500343111 /* Garment.swift in Sources */ = {isa = PBXBuildFile; fileRef = 04D2A6E32BACAC8500343111 /* Garment.swift */; };
		04D2A6E72BACADF400343111 /* Constant.swift in Sources */ = {isa = PBXBuildFile; fileRef = 04D2A6E62BACADF400343111 /* Constant.swift */; };
		04D2A6ED2BACC71400343111 /* AddGarmentViewTests.swift in Sources */ = {isa = PBXBuildFile; fileRef = 04D2A6EC2BACC71400343111 /* AddGarmentViewTests.swift */; };
/* End PBXBuildFile section */

/* Begin PBXContainerItemProxy section */
		04D2A6BE2BACABD400343111 /* PBXContainerItemProxy */ = {
			isa = PBXContainerItemProxy;
			containerPortal = 04D2A6A52BACABD200343111 /* Project object */;
			proxyType = 1;
			remoteGlobalIDString = 04D2A6AC2BACABD200343111;
			remoteInfo = DemoGarmentList;
		};
		04D2A6C82BACABD400343111 /* PBXContainerItemProxy */ = {
			isa = PBXContainerItemProxy;
			containerPortal = 04D2A6A52BACABD200343111 /* Project object */;
			proxyType = 1;
			remoteGlobalIDString = 04D2A6AC2BACABD200343111;
			remoteInfo = DemoGarmentList;
		};
/* End PBXContainerItemProxy section */

/* Begin PBXFileReference section */
		04D2A6AD2BACABD200343111 /* DemoGarmentList.app */ = {isa = PBXFileReference; explicitFileType = wrapper.application; includeInIndex = 0; path = DemoGarmentList.app; sourceTree = BUILT_PRODUCTS_DIR; };
		04D2A6B02BACABD200343111 /* DemoGarmentListApp.swift */ = {isa = PBXFileReference; lastKnownFileType = sourcecode.swift; path = DemoGarmentListApp.swift; sourceTree = "<group>"; };
		04D2A6B22BACABD200343111 /* ContentView.swift */ = {isa = PBXFileReference; lastKnownFileType = sourcecode.swift; path = ContentView.swift; sourceTree = "<group>"; };
		04D2A6B42BACABD400343111 /* Assets.xcassets */ = {isa = PBXFileReference; lastKnownFileType = folder.assetcatalog; path = Assets.xcassets; sourceTree = "<group>"; };
		04D2A6B72BACABD400343111 /* Preview Assets.xcassets */ = {isa = PBXFileReference; lastKnownFileType = folder.assetcatalog; path = "Preview Assets.xcassets"; sourceTree = "<group>"; };
		04D2A6BD2BACABD400343111 /* DemoGarmentListTests.xctest */ = {isa = PBXFileReference; explicitFileType = wrapper.cfbundle; includeInIndex = 0; path = DemoGarmentListTests.xctest; sourceTree = BUILT_PRODUCTS_DIR; };
		04D2A6C12BACABD400343111 /* GarmentListViewTests.swift */ = {isa = PBXFileReference; lastKnownFileType = sourcecode.swift; path = GarmentListViewTests.swift; sourceTree = "<group>"; };
		04D2A6C72BACABD400343111 /* DemoGarmentListUITests.xctest */ = {isa = PBXFileReference; explicitFileType = wrapper.cfbundle; includeInIndex = 0; path = DemoGarmentListUITests.xctest; sourceTree = BUILT_PRODUCTS_DIR; };
		04D2A6CB2BACABD400343111 /* DemoGarmentListUITests.swift */ = {isa = PBXFileReference; lastKnownFileType = sourcecode.swift; path = DemoGarmentListUITests.swift; sourceTree = "<group>"; };
		04D2A6CD2BACABD400343111 /* DemoGarmentListUITestsLaunchTests.swift */ = {isa = PBXFileReference; lastKnownFileType = sourcecode.swift; path = DemoGarmentListUITestsLaunchTests.swift; sourceTree = "<group>"; };
		04D2A6DD2BACAC4A00343111 /* GarmentListView.swift */ = {isa = PBXFileReference; lastKnownFileType = sourcecode.swift; path = GarmentListView.swift; sourceTree = "<group>"; };
		04D2A6DF2BACAC5200343111 /* AddGarmentView.swift */ = {isa = PBXFileReference; lastKnownFileType = sourcecode.swift; path = AddGarmentView.swift; sourceTree = "<group>"; };
		04D2A6E12BACAC7C00343111 /* GarmentViewModel.swift */ = {isa = PBXFileReference; lastKnownFileType = sourcecode.swift; path = GarmentViewModel.swift; sourceTree = "<group>"; };
		04D2A6E32BACAC8500343111 /* Garment.swift */ = {isa = PBXFileReference; lastKnownFileType = sourcecode.swift; path = Garment.swift; sourceTree = "<group>"; };
		04D2A6E62BACADF400343111 /* Constant.swift */ = {isa = PBXFileReference; lastKnownFileType = sourcecode.swift; path = Constant.swift; sourceTree = "<group>"; };
		04D2A6EB2BACAF6000343111 /* Info.plist */ = {isa = PBXFileReference; lastKnownFileType = text.plist; path = Info.plist; sourceTree = "<group>"; };
		04D2A6EC2BACC71400343111 /* AddGarmentViewTests.swift */ = {isa = PBXFileReference; lastKnownFileType = sourcecode.swift; path = AddGarmentViewTests.swift; sourceTree = "<group>"; };
/* End PBXFileReference section */

/* Begin PBXFrameworksBuildPhase section */
		04D2A6AA2BACABD200343111 /* Frameworks */ = {
			isa = PBXFrameworksBuildPhase;
			buildActionMask = 2147483647;
			files = (
			);
			runOnlyForDeploymentPostprocessing = 0;
		};
		04D2A6BA2BACABD400343111 /* Frameworks */ = {
			isa = PBXFrameworksBuildPhase;
			buildActionMask = 2147483647;
			files = (
			);
			runOnlyForDeploymentPostprocessing = 0;
		};
		04D2A6C42BACABD400343111 /* Frameworks */ = {
			isa = PBXFrameworksBuildPhase;
			buildActionMask = 2147483647;
			files = (
			);
			runOnlyForDeploymentPostprocessing = 0;
		};
/* End PBXFrameworksBuildPhase section */

/* Begin PBXGroup section */
		04D2A6A42BACABD200343111 = {
			isa = PBXGroup;
			children = (
				04D2A6AF2BACABD200343111 /* DemoGarmentList */,
				04D2A6C02BACABD400343111 /* DemoGarmentListTests */,
				04D2A6CA2BACABD400343111 /* DemoGarmentListUITests */,
				04D2A6AE2BACABD200343111 /* Products */,
			);
			sourceTree = "<group>";
		};
		04D2A6AE2BACABD200343111 /* Products */ = {
			isa = PBXGroup;
			children = (
				04D2A6AD2BACABD200343111 /* DemoGarmentList.app */,
				04D2A6BD2BACABD400343111 /* DemoGarmentListTests.xctest */,
				04D2A6C72BACABD400343111 /* DemoGarmentListUITests.xctest */,
			);
			name = Products;
			sourceTree = "<group>";
		};
		04D2A6AF2BACABD200343111 /* DemoGarmentList */ = {
			isa = PBXGroup;
			children = (
				04D2A6EB2BACAF6000343111 /* Info.plist */,
				04D2A6E52BACADEC00343111 /* Resources */,
				04D2A6DC2BACAC0400343111 /* Views */,
				04D2A6DB2BACABFE00343111 /* ViewModels */,
				04D2A6DA2BACABEB00343111 /* Models */,
				04D2A6B02BACABD200343111 /* DemoGarmentListApp.swift */,
				04D2A6B42BACABD400343111 /* Assets.xcassets */,
				04D2A6B62BACABD400343111 /* Preview Content */,
			);
			path = DemoGarmentList;
			sourceTree = "<group>";
		};
		04D2A6B62BACABD400343111 /* Preview Content */ = {
			isa = PBXGroup;
			children = (
				04D2A6B72BACABD400343111 /* Preview Assets.xcassets */,
			);
			path = "Preview Content";
			sourceTree = "<group>";
		};
		04D2A6C02BACABD400343111 /* DemoGarmentListTests */ = {
			isa = PBXGroup;
			children = (
				04D2A6C12BACABD400343111 /* GarmentListViewTests.swift */,
				04D2A6EC2BACC71400343111 /* AddGarmentViewTests.swift */,
			);
			path = DemoGarmentListTests;
			sourceTree = "<group>";
		};
		04D2A6CA2BACABD400343111 /* DemoGarmentListUITests */ = {
			isa = PBXGroup;
			children = (
				04D2A6CB2BACABD400343111 /* DemoGarmentListUITests.swift */,
				04D2A6CD2BACABD400343111 /* DemoGarmentListUITestsLaunchTests.swift */,
			);
			path = DemoGarmentListUITests;
			sourceTree = "<group>";
		};
		04D2A6DA2BACABEB00343111 /* Models */ = {
			isa = PBXGroup;
			children = (
				04D2A6E32BACAC8500343111 /* Garment.swift */,
			);
			path = Models;
			sourceTree = "<group>";
		};
		04D2A6DB2BACABFE00343111 /* ViewModels */ = {
			isa = PBXGroup;
			children = (
				04D2A6E12BACAC7C00343111 /* GarmentViewModel.swift */,
			);
			path = ViewModels;
			sourceTree = "<group>";
		};
		04D2A6DC2BACAC0400343111 /* Views */ = {
			isa = PBXGroup;
			children = (
				04D2A6B22BACABD200343111 /* ContentView.swift */,
				04D2A6DF2BACAC5200343111 /* AddGarmentView.swift */,
				04D2A6DD2BACAC4A00343111 /* GarmentListView.swift */,
			);
			path = Views;
			sourceTree = "<group>";
		};
		04D2A6E52BACADEC00343111 /* Resources */ = {
			isa = PBXGroup;
			children = (
				04D2A6E62BACADF400343111 /* Constant.swift */,
			);
			path = Resources;
			sourceTree = "<group>";
		};
/* End PBXGroup section */

/* Begin PBXNativeTarget section */
		04D2A6AC2BACABD200343111 /* DemoGarmentList */ = {
			isa = PBXNativeTarget;
			buildConfigurationList = 04D2A6D12BACABD400343111 /* Build configuration list for PBXNativeTarget "DemoGarmentList" */;
			buildPhases = (
				04D2A6A92BACABD200343111 /* Sources */,
				04D2A6AA2BACABD200343111 /* Frameworks */,
				04D2A6AB2BACABD200343111 /* Resources */,
			);
			buildRules = (
			);
			dependencies = (
			);
			name = DemoGarmentList;
			productName = DemoGarmentList;
			productReference = 04D2A6AD2BACABD200343111 /* DemoGarmentList.app */;
			productType = "com.apple.product-type.application";
		};
		04D2A6BC2BACABD400343111 /* DemoGarmentListTests */ = {
			isa = PBXNativeTarget;
			buildConfigurationList = 04D2A6D42BACABD400343111 /* Build configuration list for PBXNativeTarget "DemoGarmentListTests" */;
			buildPhases = (
				04D2A6B92BACABD400343111 /* Sources */,
				04D2A6BA2BACABD400343111 /* Frameworks */,
				04D2A6BB2BACABD400343111 /* Resources */,
			);
			buildRules = (
			);
			dependencies = (
				04D2A6BF2BACABD400343111 /* PBXTargetDependency */,
			);
			name = DemoGarmentListTests;
			productName = DemoGarmentListTests;
			productReference = 04D2A6BD2BACABD400343111 /* DemoGarmentListTests.xctest */;
			productType = "com.apple.product-type.bundle.unit-test";
		};
		04D2A6C62BACABD400343111 /* DemoGarmentListUITests */ = {
			isa = PBXNativeTarget;
			buildConfigurationList = 04D2A6D72BACABD400343111 /* Build configuration list for PBXNativeTarget "DemoGarmentListUITests" */;
			buildPhases = (
				04D2A6C32BACABD400343111 /* Sources */,
				04D2A6C42BACABD400343111 /* Frameworks */,
				04D2A6C52BACABD400343111 /* Resources */,
			);
			buildRules = (
			);
			dependencies = (
				04D2A6C92BACABD400343111 /* PBXTargetDependency */,
			);
			name = DemoGarmentListUITests;
			productName = DemoGarmentListUITests;
			productReference = 04D2A6C72BACABD400343111 /* DemoGarmentListUITests.xctest */;
			productType = "com.apple.product-type.bundle.ui-testing";
		};
/* End PBXNativeTarget section */

/* Begin PBXProject section */
		04D2A6A52BACABD200343111 /* Project object */ = {
			isa = PBXProject;
			attributes = {
				BuildIndependentTargetsInParallel = 1;
				LastSwiftUpdateCheck = 1520;
				LastUpgradeCheck = 1520;
				TargetAttributes = {
					04D2A6AC2BACABD200343111 = {
						CreatedOnToolsVersion = 15.2;
					};
					04D2A6BC2BACABD400343111 = {
						CreatedOnToolsVersion = 15.2;
						TestTargetID = 04D2A6AC2BACABD200343111;
					};
					04D2A6C62BACABD400343111 = {
						CreatedOnToolsVersion = 15.2;
						TestTargetID = 04D2A6AC2BACABD200343111;
					};
				};
			};
			buildConfigurationList = 04D2A6A82BACABD200343111 /* Build configuration list for PBXProject "DemoGarmentList" */;
			compatibilityVersion = "Xcode 14.0";
			developmentRegion = en;
			hasScannedForEncodings = 0;
			knownRegions = (
				en,
				Base,
			);
			mainGroup = 04D2A6A42BACABD200343111;
			productRefGroup = 04D2A6AE2BACABD200343111 /* Products */;
			projectDirPath = "";
			projectRoot = "";
			targets = (
				04D2A6AC2BACABD200343111 /* DemoGarmentList */,
				04D2A6BC2BACABD400343111 /* DemoGarmentListTests */,
				04D2A6C62BACABD400343111 /* DemoGarmentListUITests */,
			);
		};
/* End PBXProject section */

/* Begin PBXResourcesBuildPhase section */
		04D2A6AB2BACABD200343111 /* Resources */ = {
			isa = PBXResourcesBuildPhase;
			buildActionMask = 2147483647;
			files = (
				04D2A6B82BACABD400343111 /* Preview Assets.xcassets in Resources */,
				04D2A6B52BACABD400343111 /* Assets.xcassets in Resources */,
			);
			runOnlyForDeploymentPostprocessing = 0;
		};
		04D2A6BB2BACABD400343111 /* Resources */ = {
			isa = PBXResourcesBuildPhase;
			buildActionMask = 2147483647;
			files = (
			);
			runOnlyForDeploymentPostprocessing = 0;
		};
		04D2A6C52BACABD400343111 /* Resources */ = {
			isa = PBXResourcesBuildPhase;
			buildActionMask = 2147483647;
			files = (
			);
			runOnlyForDeploymentPostprocessing = 0;
		};
/* End PBXResourcesBuildPhase section */

/* Begin PBXSourcesBuildPhase section */
		04D2A6A92BACABD200343111 /* Sources */ = {
			isa = PBXSourcesBuildPhase;
			buildActionMask = 2147483647;
			files = (
				04D2A6E72BACADF400343111 /* Constant.swift in Sources */,
				04D2A6B32BACABD200343111 /* ContentView.swift in Sources */,
				04D2A6E02BACAC5200343111 /* AddGarmentView.swift in Sources */,
				04D2A6E42BACAC8500343111 /* Garment.swift in Sources */,
				04D2A6E22BACAC7C00343111 /* GarmentViewModel.swift in Sources */,
				04D2A6DE2BACAC4A00343111 /* GarmentListView.swift in Sources */,
				04D2A6B12BACABD200343111 /* DemoGarmentListApp.swift in Sources */,
			);
			runOnlyForDeploymentPostprocessing = 0;
		};
		04D2A6B92BACABD400343111 /* Sources */ = {
			isa = PBXSourcesBuildPhase;
			buildActionMask = 2147483647;
			files = (
				04D2A6C22BACABD400343111 /* GarmentListViewTests.swift in Sources */,
				04D2A6ED2BACC71400343111 /* AddGarmentViewTests.swift in Sources */,
			);
			runOnlyForDeploymentPostprocessing = 0;
		};
		04D2A6C32BACABD400343111 /* Sources */ = {
			isa = PBXSourcesBuildPhase;
			buildActionMask = 2147483647;
			files = (
				04D2A6CE2BACABD400343111 /* DemoGarmentListUITestsLaunchTests.swift in Sources */,
				04D2A6CC2BACABD400343111 /* DemoGarmentListUITests.swift in Sources */,
			);
			runOnlyForDeploymentPostprocessing = 0;
		};
/* End PBXSourcesBuildPhase section */

/* Begin PBXTargetDependency section */
		04D2A6BF2BACABD400343111 /* PBXTargetDependency */ = {
			isa = PBXTargetDependency;
			target = 04D2A6AC2BACABD200343111 /* DemoGarmentList */;
			targetProxy = 04D2A6BE2BACABD400343111 /* PBXContainerItemProxy */;
		};
		04D2A6C92BACABD400343111 /* PBXTargetDependency */ = {
			isa = PBXTargetDependency;
			target = 04D2A6AC2BACABD200343111 /* DemoGarmentList */;
			targetProxy = 04D2A6C82BACABD400343111 /* PBXContainerItemProxy */;
		};
/* End PBXTargetDependency section */

/* Begin XCBuildConfiguration section */
		04D2A6CF2BACABD400343111 /* Debug */ = {
			isa = XCBuildConfiguration;
			buildSettings = {
				ALWAYS_SEARCH_USER_PATHS = NO;
				ASSETCATALOG_COMPILER_GENERATE_SWIFT_ASSET_SYMBOL_EXTENSIONS = YES;
				CLANG_ANALYZER_NONNULL = YES;
				CLANG_ANALYZER_NUMBER_OBJECT_CONVERSION = YES_AGGRESSIVE;
				CLANG_CXX_LANGUAGE_STANDARD = "gnu++20";
				CLANG_ENABLE_MODULES = YES;
				CLANG_ENABLE_OBJC_ARC = YES;
				CLANG_ENABLE_OBJC_WEAK = YES;
				CLANG_WARN_BLOCK_CAPTURE_AUTORELEASING = YES;
				CLANG_WARN_BOOL_CONVERSION = YES;
				CLANG_WARN_COMMA = YES;
				CLANG_WARN_CONSTANT_CONVERSION = YES;
				CLANG_WARN_DEPRECATED_OBJC_IMPLEMENTATIONS = YES;
				CLANG_WARN_DIRECT_OBJC_ISA_USAGE = YES_ERROR;
				CLANG_WARN_DOCUMENTATION_COMMENTS = YES;
				CLANG_WARN_EMPTY_BODY = YES;
				CLANG_WARN_ENUM_CONVERSION = YES;
				CLANG_WARN_INFINITE_RECURSION = YES;
				CLANG_WARN_INT_CONVERSION = YES;
				CLANG_WARN_NON_LITERAL_NULL_CONVERSION = YES;
				CLANG_WARN_OBJC_IMPLICIT_RETAIN_SELF = YES;
				CLANG_WARN_OBJC_LITERAL_CONVERSION = YES;
				CLANG_WARN_OBJC_ROOT_CLASS = YES_ERROR;
				CLANG_WARN_QUOTED_INCLUDE_IN_FRAMEWORK_HEADER = YES;
				CLANG_WARN_RANGE_LOOP_ANALYSIS = YES;
				CLANG_WARN_STRICT_PROTOTYPES = YES;
				CLANG_WARN_SUSPICIOUS_MOVE = YES;
				CLANG_WARN_UNGUARDED_AVAILABILITY = YES_AGGRESSIVE;
				CLANG_WARN_UNREACHABLE_CODE = YES;
				CLANG_WARN__DUPLICATE_METHOD_MATCH = YES;
				COPY_PHASE_STRIP = NO;
				DEBUG_INFORMATION_FORMAT = dwarf;
				ENABLE_STRICT_OBJC_MSGSEND = YES;
				ENABLE_TESTABILITY = YES;
				ENABLE_USER_SCRIPT_SANDBOXING = YES;
				GCC_C_LANGUAGE_STANDARD = gnu17;
				GCC_DYNAMIC_NO_PIC = NO;
				GCC_NO_COMMON_BLOCKS = YES;
				GCC_OPTIMIZATION_LEVEL = 0;
				GCC_PREPROCESSOR_DEFINITIONS = (
					"DEBUG=1",
					"$(inherited)",
				);
				GCC_WARN_64_TO_32_BIT_CONVERSION = YES;
				GCC_WARN_ABOUT_RETURN_TYPE = YES_ERROR;
				GCC_WARN_UNDECLARED_SELECTOR = YES;
				GCC_WARN_UNINITIALIZED_AUTOS = YES_AGGRESSIVE;
				GCC_WARN_UNUSED_FUNCTION = YES;
				GCC_WARN_UNUSED_VARIABLE = YES;
				IPHONEOS_DEPLOYMENT_TARGET = 17.2;
				LOCALIZATION_PREFERS_STRING_CATALOGS = YES;
				MTL_ENABLE_DEBUG_INFO = INCLUDE_SOURCE;
				MTL_FAST_MATH = YES;
				ONLY_ACTIVE_ARCH = YES;
				SDKROOT = iphoneos;
				SWIFT_ACTIVE_COMPILATION_CONDITIONS = "DEBUG $(inherited)";
				SWIFT_OPTIMIZATION_LEVEL = "-Onone";
			};
			name = Debug;
		};
		04D2A6D02BACABD400343111 /* Release */ = {
			isa = XCBuildConfiguration;
			buildSettings = {
				ALWAYS_SEARCH_USER_PATHS = NO;
				ASSETCATALOG_COMPILER_GENERATE_SWIFT_ASSET_SYMBOL_EXTENSIONS = YES;
				CLANG_ANALYZER_NONNULL = YES;
				CLANG_ANALYZER_NUMBER_OBJECT_CONVERSION = YES_AGGRESSIVE;
				CLANG_CXX_LANGUAGE_STANDARD = "gnu++20";
				CLANG_ENABLE_MODULES = YES;
				CLANG_ENABLE_OBJC_ARC = YES;
				CLANG_ENABLE_OBJC_WEAK = YES;
				CLANG_WARN_BLOCK_CAPTURE_AUTORELEASING = YES;
				CLANG_WARN_BOOL_CONVERSION = YES;
				CLANG_WARN_COMMA = YES;
				CLANG_WARN_CONSTANT_CONVERSION = YES;
				CLANG_WARN_DEPRECATED_OBJC_IMPLEMENTATIONS = YES;
				CLANG_WARN_DIRECT_OBJC_ISA_USAGE = YES_ERROR;
				CLANG_WARN_DOCUMENTATION_COMMENTS = YES;
				CLANG_WARN_EMPTY_BODY = YES;
				CLANG_WARN_ENUM_CONVERSION = YES;
				CLANG_WARN_INFINITE_RECURSION = YES;
				CLANG_WARN_INT_CONVERSION = YES;
				CLANG_WARN_NON_LITERAL_NULL_CONVERSION = YES;
				CLANG_WARN_OBJC_IMPLICIT_RETAIN_SELF = YES;
				CLANG_WARN_OBJC_LITERAL_CONVERSION = YES;
				CLANG_WARN_OBJC_ROOT_CLASS = YES_ERROR;
				CLANG_WARN_QUOTED_INCLUDE_IN_FRAMEWORK_HEADER = YES;
				CLANG_WARN_RANGE_LOOP_ANALYSIS = YES;
				CLANG_WARN_STRICT_PROTOTYPES = YES;
				CLANG_WARN_SUSPICIOUS_MOVE = YES;
				CLANG_WARN_UNGUARDED_AVAILABILITY = YES_AGGRESSIVE;
				CLANG_WARN_UNREACHABLE_CODE = YES;
				CLANG_WARN__DUPLICATE_METHOD_MATCH = YES;
				COPY_PHASE_STRIP = NO;
				DEBUG_INFORMATION_FORMAT = "dwarf-with-dsym";
				ENABLE_NS_ASSERTIONS = NO;
				ENABLE_STRICT_OBJC_MSGSEND = YES;
				ENABLE_USER_SCRIPT_SANDBOXING = YES;
				GCC_C_LANGUAGE_STANDARD = gnu17;
				GCC_NO_COMMON_BLOCKS = YES;
				GCC_WARN_64_TO_32_BIT_CONVERSION = YES;
				GCC_WARN_ABOUT_RETURN_TYPE = YES_ERROR;
				GCC_WARN_UNDECLARED_SELECTOR = YES;
				GCC_WARN_UNINITIALIZED_AUTOS = YES_AGGRESSIVE;
				GCC_WARN_UNUSED_FUNCTION = YES;
				GCC_WARN_UNUSED_VARIABLE = YES;
				IPHONEOS_DEPLOYMENT_TARGET = 17.2;
				LOCALIZATION_PREFERS_STRING_CATALOGS = YES;
				MTL_ENABLE_DEBUG_INFO = NO;
				MTL_FAST_MATH = YES;
				SDKROOT = iphoneos;
				SWIFT_COMPILATION_MODE = wholemodule;
				VALIDATE_PRODUCT = YES;
			};
			name = Release;
		};
		04D2A6D22BACABD400343111 /* Debug */ = {
			isa = XCBuildConfiguration;
			buildSettings = {
				ASSETCATALOG_COMPILER_APPICON_NAME = AppIcon;
				ASSETCATALOG_COMPILER_GLOBAL_ACCENT_COLOR_NAME = AccentColor;
				CODE_SIGN_STYLE = Automatic;
				CURRENT_PROJECT_VERSION = 1;
				DEVELOPMENT_ASSET_PATHS = "\"DemoGarmentList/Preview Content\"";
				ENABLE_PREVIEWS = YES;
				GENERATE_INFOPLIST_FILE = YES;
				INFOPLIST_FILE = DemoGarmentList/Info.plist;
				INFOPLIST_KEY_UIApplicationSceneManifest_Generation = YES;
				INFOPLIST_KEY_UIApplicationSupportsIndirectInputEvents = YES;
				INFOPLIST_KEY_UILaunchScreen_Generation = YES;
				INFOPLIST_KEY_UISupportedInterfaceOrientations_iPad = "UIInterfaceOrientationPortrait UIInterfaceOrientationPortraitUpsideDown UIInterfaceOrientationLandscapeLeft UIInterfaceOrientationLandscapeRight";
				INFOPLIST_KEY_UISupportedInterfaceOrientations_iPhone = "UIInterfaceOrientationPortrait UIInterfaceOrientationLandscapeLeft UIInterfaceOrientationLandscapeRight";
				IPHONEOS_DEPLOYMENT_TARGET = 16.0;
				LD_RUNPATH_SEARCH_PATHS = (
					"$(inherited)",
					"@executable_path/Frameworks",
				);
				MARKETING_VERSION = 1.0;
				PRODUCT_BUNDLE_IDENTIFIER = com.DemoGarmentList;
				PRODUCT_NAME = "$(TARGET_NAME)";
				SWIFT_EMIT_LOC_STRINGS = YES;
				SWIFT_VERSION = 5.0;
				TARGETED_DEVICE_FAMILY = "1,2";
			};
			name = Debug;
		};
		04D2A6D32BACABD400343111 /* Release */ = {
			isa = XCBuildConfiguration;
			buildSettings = {
				ASSETCATALOG_COMPILER_APPICON_NAME = AppIcon;
				ASSETCATALOG_COMPILER_GLOBAL_ACCENT_COLOR_NAME = AccentColor;
				CODE_SIGN_STYLE = Automatic;
				CURRENT_PROJECT_VERSION = 1;
				DEVELOPMENT_ASSET_PATHS = "\"DemoGarmentList/Preview Content\"";
				ENABLE_PREVIEWS = YES;
				GENERATE_INFOPLIST_FILE = YES;
				INFOPLIST_FILE = DemoGarmentList/Info.plist;
				INFOPLIST_KEY_UIApplicationSceneManifest_Generation = YES;
				INFOPLIST_KEY_UIApplicationSupportsIndirectInputEvents = YES;
				INFOPLIST_KEY_UILaunchScreen_Generation = YES;
				INFOPLIST_KEY_UISupportedInterfaceOrientations_iPad = "UIInterfaceOrientationPortrait UIInterfaceOrientationPortraitUpsideDown UIInterfaceOrientationLandscapeLeft UIInterfaceOrientationLandscapeRight";
				INFOPLIST_KEY_UISupportedInterfaceOrientations_iPhone = "UIInterfaceOrientationPortrait UIInterfaceOrientationLandscapeLeft UIInterfaceOrientationLandscapeRight";
				IPHONEOS_DEPLOYMENT_TARGET = 16.0;
				LD_RUNPATH_SEARCH_PATHS = (
					"$(inherited)",
					"@executable_path/Frameworks",
				);
				MARKETING_VERSION = 1.0;
				PRODUCT_BUNDLE_IDENTIFIER = com.DemoGarmentList;
				PRODUCT_NAME = "$(TARGET_NAME)";
				SWIFT_EMIT_LOC_STRINGS = YES;
				SWIFT_VERSION = 5.0;
				TARGETED_DEVICE_FAMILY = "1,2";
			};
			name = Release;
		};
		04D2A6D52BACABD400343111 /* Debug */ = {
			isa = XCBuildConfiguration;
			buildSettings = {
				ALWAYS_EMBED_SWIFT_STANDARD_LIBRARIES = YES;
				BUNDLE_LOADER = "$(TEST_HOST)";
				CODE_SIGN_STYLE = Automatic;
				CURRENT_PROJECT_VERSION = 1;
				GENERATE_INFOPLIST_FILE = YES;
				IPHONEOS_DEPLOYMENT_TARGET = 17.2;
				MARKETING_VERSION = 1.0;
				PRODUCT_BUNDLE_IDENTIFIER = com.DemoGarmentListTests;
				PRODUCT_NAME = "$(TARGET_NAME)";
				SWIFT_EMIT_LOC_STRINGS = NO;
				SWIFT_VERSION = 5.0;
				TARGETED_DEVICE_FAMILY = "1,2";
				TEST_HOST = "$(BUILT_PRODUCTS_DIR)/DemoGarmentList.app/$(BUNDLE_EXECUTABLE_FOLDER_PATH)/DemoGarmentList";
			};
			name = Debug;
		};
		04D2A6D62BACABD400343111 /* Release */ = {
			isa = XCBuildConfiguration;
			buildSettings = {
				ALWAYS_EMBED_SWIFT_STANDARD_LIBRARIES = YES;
				BUNDLE_LOADER = "$(TEST_HOST)";
				CODE_SIGN_STYLE = Automatic;
				CURRENT_PROJECT_VERSION = 1;
				GENERATE_INFOPLIST_FILE = YES;
				IPHONEOS_DEPLOYMENT_TARGET = 17.2;
				MARKETING_VERSION = 1.0;
				PRODUCT_BUNDLE_IDENTIFIER = com.DemoGarmentListTests;
				PRODUCT_NAME = "$(TARGET_NAME)";
				SWIFT_EMIT_LOC_STRINGS = NO;
				SWIFT_VERSION = 5.0;
				TARGETED_DEVICE_FAMILY = "1,2";
				TEST_HOST = "$(BUILT_PRODUCTS_DIR)/DemoGarmentList.app/$(BUNDLE_EXECUTABLE_FOLDER_PATH)/DemoGarmentList";
			};
			name = Release;
		};
		04D2A6D82BACABD400343111 /* Debug */ = {
			isa = XCBuildConfiguration;
			buildSettings = {
				ALWAYS_EMBED_SWIFT_STANDARD_LIBRARIES = YES;
				CODE_SIGN_STYLE = Automatic;
				CURRENT_PROJECT_VERSION = 1;
				GENERATE_INFOPLIST_FILE = YES;
				MARKETING_VERSION = 1.0;
				PRODUCT_BUNDLE_IDENTIFIER = com.DemoGarmentListUITests;
				PRODUCT_NAME = "$(TARGET_NAME)";
				SWIFT_EMIT_LOC_STRINGS = NO;
				SWIFT_VERSION = 5.0;
				TARGETED_DEVICE_FAMILY = "1,2";
				TEST_TARGET_NAME = DemoGarmentList;
			};
			name = Debug;
		};
		04D2A6D92BACABD400343111 /* Release */ = {
			isa = XCBuildConfiguration;
			buildSettings = {
				ALWAYS_EMBED_SWIFT_STANDARD_LIBRARIES = YES;
				CODE_SIGN_STYLE = Automatic;
				CURRENT_PROJECT_VERSION = 1;
				GENERATE_INFOPLIST_FILE = YES;
				MARKETING_VERSION = 1.0;
				PRODUCT_BUNDLE_IDENTIFIER = com.DemoGarmentListUITests;
				PRODUCT_NAME = "$(TARGET_NAME)";
				SWIFT_EMIT_LOC_STRINGS = NO;
				SWIFT_VERSION = 5.0;
				TARGETED_DEVICE_FAMILY = "1,2";
				TEST_TARGET_NAME = DemoGarmentList;
			};
			name = Release;
		};
/* End XCBuildConfiguration section */

/* Begin XCConfigurationList section */
		04D2A6A82BACABD200343111 /* Build configuration list for PBXProject "DemoGarmentList" */ = {
			isa = XCConfigurationList;
			buildConfigurations = (
				04D2A6CF2BACABD400343111 /* Debug */,
				04D2A6D02BACABD400343111 /* Release */,
			);
			defaultConfigurationIsVisible = 0;
			defaultConfigurationName = Release;
		};
		04D2A6D12BACABD400343111 /* Build configuration list for PBXNativeTarget "DemoGarmentList" */ = {
			isa = XCConfigurationList;
			buildConfigurations = (
				04D2A6D22BACABD400343111 /* Debug */,
				04D2A6D32BACABD400343111 /* Release */,
			);
			defaultConfigurationIsVisible = 0;
			defaultConfigurationName = Release;
		};
		04D2A6D42BACABD400343111 /* Build configuration list for PBXNativeTarget "DemoGarmentListTests" */ = {
			isa = XCConfigurationList;
			buildConfigurations = (
				04D2A6D52BACABD400343111 /* Debug */,
				04D2A6D62BACABD400343111 /* Release */,
			);
			defaultConfigurationIsVisible = 0;
			defaultConfigurationName = Release;
		};
		04D2A6D72BACABD400343111 /* Build configuration list for PBXNativeTarget "DemoGarmentListUITests" */ = {
			isa = XCConfigurationList;
			buildConfigurations = (
				04D2A6D82BACABD400343111 /* Debug */,
				04D2A6D92BACABD400343111 /* Release */,
			);
			defaultConfigurationIsVisible = 0;
			defaultConfigurationName = Release;
		};
/* End XCConfigurationList section */
	};
	rootObject = 04D2A6A52BACABD200343111 /* Project object */;
}
